version = 1
revision = 3
requires-python = ">=3.12"

[[package]]
name = "cocotb"
version = "2.0.1"
source = { registry = "https://pypi.org/simple" }
dependencies = [
    { name = "find-libpython" },
]
sdist = { url = "https://files.pythonhosted.org/packages/28/f1/40b6086c1bba60cc7c59ff40815b35a5c364711d1ee86c878a296b0a963b/cocotb-2.0.1.tar.gz", hash = "sha256:69887748412ff43e98f8579ad6c0da1f6ff19a94d0c3b4d6da472d8e86784e82", size = 318250, upload-time = "2025-11-15T12:45:24.01Z" }
wheels = [
    { url = "https://files.pythonhosted.org/packages/f0/f4/551d7c120861d165f2b6216da743f52f2542c82fecf2efc57244ff727725/cocotb-2.0.1-cp312-cp312-macosx_10_9_x86_64.whl", hash = "sha256:5a197c451312333170119378d796a29a6c9413e6283e9de3614c4f35af6e9d1f", size = 652791, upload-time = "2025-11-15T12:44:28.016Z" },
    { url = "https://files.pythonhosted.org/packages/b1/61/0b9b123e19a015d023dc1bccc9e258c762495ae025e50e400c20bbe44514/cocotb-2.0.1-cp312-cp312-macosx_11_0_arm64.whl", hash = "sha256:ca491be0eff5cfa2a16f19aeb1aa62967a9d40b0882e32636ffd517c12c1f289", size = 626744, upload-time = "2025-11-15T12:44:29.572Z" },
    { url = "https://files.pythonhosted.org/packages/80/73/c83f71f926e382fe5251e55473fd6549d41bec1731f0a2fba67f387f1522/cocotb-2.0.1-cp312-cp312-manylinux_2_17_x86_64.manylinux2014_x86_64.whl", hash = "sha256:4fd0ae786019d18e7195a1186f93bff5afcda7b5aba8de710d3e74182e57a116", size = 4552834, upload-time = "2025-11-15T12:44:31.354Z" },
    { url = "https://files.pythonhosted.org/packages/76/d4/c232bc4425b947830c57bf03c6a5bc2221c5143af394171ed00cdc873301/cocotb-2.0.1-cp312-cp312-manylinux_2_5_i686.manylinux1_i686.manylinux_2_17_i686.manylinux2014_i686.whl", hash = "sha256:3a2df61424b355899cab0f252b14f69d5c2c6b1c9422b2a4152eaa3fd169a9d6", size = 4430676, upload-time = "2025-11-15T12:44:33.548Z" },
    { url = "https://files.pythonhosted.org/packages/7f/1a/ccb2ea752a309da0a4964decdbc28c5351b6a5515cbb219702105b41f484/cocotb-2.0.1-cp312-cp312-win32.whl", hash = "sha256:5798b47a4df3b4eb17a4b214c889d70d31e710b81a2109538b006569780bd115", size = 579079, upload-time = "2025-11-15T12:44:34.986Z" },
    { url = "https://files.pythonhosted.org/packages/94/2d/caff286087ceef8b514cd490328a8e9b76b36431120555931f2645cf2153/cocotb-2.0.1-cp312-cp312-win_amd64.whl", hash = "sha256:f08b5ef2e59460a0ebee6927a3c92fdb66823278a295df50042a40df3314be8c", size = 621164, upload-time = "2025-11-15T12:44:36.577Z" },
    { url = "https://files.pythonhosted.org/packages/d1/ca/539c3f34a8b44c34ec4ea282cc643323166c2b590afb40d7ed70b917d781/cocotb-2.0.1-cp313-cp313-macosx_10_13_x86_64.whl", hash = "sha256:1564125b6ace66b3f350d083a97308249c247515891487b56e527d9a4e7ebb0a", size = 644950, upload-time = "2025-11-15T12:44:38.054Z" },
    { url = "https://files.pythonhosted.org/packages/65/dc/dec80c9e5ed4bf8d517d6a2482d00d7be9e0a7ab2be7fccc291f14eb35e1/cocotb-2.0.1-cp313-cp313-macosx_11_0_arm64.whl", hash = "sha256:be9d205fd5976cad89888dc394a91315037ccb7e684cd9f1a09f52509199cadf", size = 626748, upload-time = "2025-11-15T12:44:39.475Z" },
    { url = "https://files.pythonhosted.org/packages/fa/09/002ce8787c7b2f88a7f139242a2781ee07fa63ff337600b23a07a83c9564/cocotb-2.0.1-cp313-cp313-manylinux_2_17_x86_64.manylinux2014_x86_64.whl", hash = "sha256:9236df78a8fcdecb09a0916300c55ce1ab7a92fc67ac09b22f63ff592a47232e", size = 4552510, upload-time = "2025-11-15T12:44:41.563Z" },
    { url = "https://files.pythonhosted.org/packages/ae/6d/13de0eb3a1fd94db7457ed71289fecc91407a5d9444bba9d9e1e341a5a60/cocotb-2.0.1-cp313-cp313-manylinux_2_5_i686.manylinux1_i686.manylinux_2_17_i686.manylinux2014_i686.whl", hash = "sha256:fed79b086414ac2d5faa1eff74b7533cb46404dfcd5a8e52cdffaeecdf98033a", size = 4430345, upload-time = "2025-11-15T12:44:43.612Z" },
    { url = "https://files.pythonhosted.org/packages/2f/4f/bfa12c4f38951584f2942d30e0dd40a2897a4d2ea6c01d9d50d175633845/cocotb-2.0.1-cp313-cp313-win32.whl", hash = "sha256:ad5ed2c7ced2c8088d9ee8bd0c0d4497297248d76698c2940e978d5e54dbed33", size = 579105, upload-time = "2025-11-15T12:44:45.118Z" },
    { url = "https://files.pythonhosted.org/packages/6a/d3/91d12e4b8c7b05bed87b53552d4f0d2a28b3de23730ba20b1e0fd88961f2/cocotb-2.0.1-cp313-cp313-win_amd64.whl", hash = "sha256:d1329c0efc1b460f12f8c76e5d030322adb4e89bc48f70c6f0805535d6eb1b10", size = 621171, upload-time = "2025-11-15T12:44:46.414Z" },
]

[[package]]
name = "cocotb-tb"
version = "0.1.0"
source = { virtual = "." }
dependencies = [
    { name = "cocotb" },
]

[package.metadata]
requires-dist = [{ name = "cocotb", specifier = ">=2.0.1" }]

[[package]]
name = "find-libpython"
version = "0.5.1"
source = { registry = "https://pypi.org/simple" }
sdist = { url = "https://files.pythonhosted.org/packages/70/60/951b7ca316ab3ec928ed788de5fcb30b4a0292704e50b872c8edf24c11fe/find_libpython-0.5.1.tar.gz", hash = "sha256:12a0fb39ff8dcc64ad0fd554b1bd142ea4a8c4c18e5da6043a547ce7b25559fe", size = 9402, upload-time = "2026-02-11T03:18:04.844Z" }
wheels = [
    { url = "https://files.pythonhosted.org/packages/34/1f/1d6079f4f0540aaa368aa20d89d98eda42f081c397a822c547340e32d1e3/find_libpython-0.5.1-py3-none-any.whl", hash = "sha256:723a8cfe6fed255a1f58b53c62ed556fb340ec0d456e9863ebc01a5cc047607d", size = 9201, upload-time = "2026-02-11T03:18:03.263Z" },
]
